
Microsoft Visual Studio Solution File, Format Version 12.00
# Visual Studio Version 17
VisualStudioVersion = 17.8.34525.116
MinimumVisualStudioVersion = 10.0.40219.1
Project("{FAE04EC0-301F-11D3-BF4B-00C04F79EFBC}") = "TradeAppCleanArchitecture", "TradeAppCleanArchitecture.csproj", "{E097882C-4559-43CF-935A-AD31C29B807B}"
EndProject
Global
	GlobalSection(SolutionConfigurationPlatforms) = preSolution
		Debug|Any CPU = Debug|Any CPU
		Release|Any CPU = Release|Any CPU
	EndGlobalSection
	GlobalSection(ProjectConfigurationPlatforms) = postSolution
		{E097882C-4559-43CF-935A-AD31C29B807B}.Debug|Any CPU.ActiveCfg = Debug|Any CPU
		{E097882C-4559-43CF-935A-AD31C29B807B}.Debug|Any CPU.Build.0 = Debug|Any CPU
		{E097882C-4559-43CF-935A-AD31C29B807B}.Release|Any CPU.ActiveCfg = Release|Any CPU
		{E097882C-4559-43CF-935A-AD31C29B807B}.Release|Any CPU.Build.0 = Release|Any CPU
	EndGlobalSection
	GlobalSection(SolutionProperties) = preSolution
		HideSolutionNode = FALSE
	EndGlobalSection
	GlobalSection(ExtensibilityGlobals) = postSolution
		SolutionGuid = {06CE99F5-645A-4C9D-A325-27EDECFBDCCC}
	EndGlobalSection
EndGlobal
